// !$*UTF8*$!
{
	archiveVersion = 1;
	classes = {
	};
	objectVersion = 46;
	objects = {

/* Begin PBXBuildFile section */
		7B6EDEF419D6DEB8006BF909 /* UIImage+Resize.swift in Sources */ = {isa = PBXBuildFile; fileRef = 7B6EDEF319D6DEB8006BF909 /* UIImage+Resize.swift */; };
		7B6EDEF619D6E859006BF909 /* String+AddText.swift in Sources */ = {isa = PBXBuildFile; fileRef = 7B6EDEF519D6E859006BF909 /* String+AddText.swift */; };
		7B6EDEF819D6F038006BF909 /* MyTabBarController.swift in Sources */ = {isa = PBXBuildFile; fileRef = 7B6EDEF719D6F038006BF909 /* MyTabBarController.swift */; };
		7B6EDEFA19D6F426006BF909 /* MyNavigationController.swift in Sources */ = {isa = PBXBuildFile; fileRef = 7B6EDEF919D6F426006BF909 /* MyNavigationController.swift */; };
		7B6EDEFC19D6F74B006BF909 /* MyImagePickerController.swift in Sources */ = {isa = PBXBuildFile; fileRef = 7B6EDEFB19D6F74B006BF909 /* MyImagePickerController.swift */; };
		7B6EDEFF19D7F319006BF909 /* Sound.caf in Resources */ = {isa = PBXBuildFile; fileRef = 7B6EDEFE19D7F319006BF909 /* Sound.caf */; };
		7B7EFA7119D417C60096BF54 /* AppDelegate.swift in Sources */ = {isa = PBXBuildFile; fileRef = 7B7EFA7019D417C60096BF54 /* AppDelegate.swift */; };
		7B7EFA7319D417C60096BF54 /* CurrentLocationViewController.swift in Sources */ = {isa = PBXBuildFile; fileRef = 7B7EFA7219D417C60096BF54 /* CurrentLocationViewController.swift */; };
		7B7EFA7819D417C60096BF54 /* Main.storyboard in Resources */ = {isa = PBXBuildFile; fileRef = 7B7EFA7619D417C60096BF54 /* Main.storyboard */; };
		7B7EFA7A19D417C60096BF54 /* Images.xcassets in Resources */ = {isa = PBXBuildFile; fileRef = 7B7EFA7919D417C60096BF54 /* Images.xcassets */; };
		7B7EFA8919D417C60096BF54 /* MyLocationsTests.swift in Sources */ = {isa = PBXBuildFile; fileRef = 7B7EFA8819D417C60096BF54 /* MyLocationsTests.swift */; };
		7B7EFAC319D540980096BF54 /* LocationDetailsViewController.swift in Sources */ = {isa = PBXBuildFile; fileRef = 7B7EFAC219D540980096BF54 /* LocationDetailsViewController.swift */; };
		7B7EFAC519D569FD0096BF54 /* CategoryPickerViewController.swift in Sources */ = {isa = PBXBuildFile; fileRef = 7B7EFAC419D569FD0096BF54 /* CategoryPickerViewController.swift */; };
		7B7EFAC719D589A70096BF54 /* HudView.swift in Sources */ = {isa = PBXBuildFile; fileRef = 7B7EFAC619D589A70096BF54 /* HudView.swift */; };
		7B7EFAC919D593780096BF54 /* Functions.swift in Sources */ = {isa = PBXBuildFile; fileRef = 7B7EFAC819D593780096BF54 /* Functions.swift */; };
		7B7EFACC19D59D3D0096BF54 /* DataModel.xcdatamodeld in Sources */ = {isa = PBXBuildFile; fileRef = 7B7EFACA19D59D3D0096BF54 /* DataModel.xcdatamodeld */; };
		7B7EFAD419D5A2720096BF54 /* Location.swift in Sources */ = {isa = PBXBuildFile; fileRef = 7B7EFAD319D5A2720096BF54 /* Location.swift */; };
		7B7EFAD619D5CF770096BF54 /* LocationsViewController.swift in Sources */ = {isa = PBXBuildFile; fileRef = 7B7EFAD519D5CF770096BF54 /* LocationsViewController.swift */; };
		7B7EFAD819D5D4170096BF54 /* LocationCell.swift in Sources */ = {isa = PBXBuildFile; fileRef = 7B7EFAD719D5D4170096BF54 /* LocationCell.swift */; };
		7B7EFADA19D684FD0096BF54 /* MapKit.framework in Frameworks */ = {isa = PBXBuildFile; fileRef = 7B7EFAD919D684FD0096BF54 /* MapKit.framework */; };
		7B7EFADC19D6879E0096BF54 /* MapViewController.swift in Sources */ = {isa = PBXBuildFile; fileRef = 7B7EFADB19D6879E0096BF54 /* MapViewController.swift */; };
/* End PBXBuildFile section */

/* Begin PBXContainerItemProxy section */
		7B7EFA8319D417C60096BF54 /* PBXContainerItemProxy */ = {
			isa = PBXContainerItemProxy;
			containerPortal = 7B7EFA6319D417C50096BF54 /* Project object */;
			proxyType = 1;
			remoteGlobalIDString = 7B7EFA6A19D417C60096BF54;
			remoteInfo = MyLocations;
		};
/* End PBXContainerItemProxy section */

/* Begin PBXFileReference section */
		7B6EDEF319D6DEB8006BF909 /* UIImage+Resize.swift */ = {isa = PBXFileReference; fileEncoding = 4; lastKnownFileType = sourcecode.swift; path = "UIImage+Resize.swift"; sourceTree = "<group>"; };
		7B6EDEF519D6E859006BF909 /* String+AddText.swift */ = {isa = PBXFileReference; fileEncoding = 4; lastKnownFileType = sourcecode.swift; path = "String+AddText.swift"; sourceTree = "<group>"; };
		7B6EDEF719D6F038006BF909 /* MyTabBarController.swift */ = {isa = PBXFileReference; fileEncoding = 4; lastKnownFileType = sourcecode.swift; path = MyTabBarController.swift; sourceTree = "<group>"; };
		7B6EDEF919D6F426006BF909 /* MyNavigationController.swift */ = {isa = PBXFileReference; fileEncoding = 4; lastKnownFileType = sourcecode.swift; path = MyNavigationController.swift; sourceTree = "<group>"; };
		7B6EDEFB19D6F74B006BF909 /* MyImagePickerController.swift */ = {isa = PBXFileReference; fileEncoding = 4; lastKnownFileType = sourcecode.swift; path = MyImagePickerController.swift; sourceTree = "<group>"; };
		7B6EDEFE19D7F319006BF909 /* Sound.caf */ = {isa = PBXFileReference; lastKnownFileType = file; path = Sound.caf; sourceTree = "<group>"; };
		7B7EFA6B19D417C60096BF54 /* MyLocations.app */ = {isa = PBXFileReference; explicitFileType = wrapper.application; includeInIndex = 0; path = MyLocations.app; sourceTree = BUILT_PRODUCTS_DIR; };
		7B7EFA6F19D417C60096BF54 /* Info.plist */ = {isa = PBXFileReference; lastKnownFileType = text.plist.xml; path = Info.plist; sourceTree = "<group>"; };
		7B7EFA7019D417C60096BF54 /* AppDelegate.swift */ = {isa = PBXFileReference; lastKnownFileType = sourcecode.swift; path = AppDelegate.swift; sourceTree = "<group>"; };
		7B7EFA7219D417C60096BF54 /* CurrentLocationViewController.swift */ = {isa = PBXFileReference; lastKnownFileType = sourcecode.swift; path = CurrentLocationViewController.swift; sourceTree = "<group>"; };
		7B7EFA7719D417C60096BF54 /* Base */ = {isa = PBXFileReference; lastKnownFileType = file.storyboard; name = Base; path = Base.lproj/Main.storyboard; sourceTree = "<group>"; };
		7B7EFA7919D417C60096BF54 /* Images.xcassets */ = {isa = PBXFileReference; lastKnownFileType = folder.assetcatalog; path = Images.xcassets; sourceTree = "<group>"; };
		7B7EFA8219D417C60096BF54 /* MyLocationsTests.xctest */ = {isa = PBXFileReference; explicitFileType = wrapper.cfbundle; includeInIndex = 0; path = MyLocationsTests.xctest; sourceTree = BUILT_PRODUCTS_DIR; };
		7B7EFA8719D417C60096BF54 /* Info.plist */ = {isa = PBXFileReference; lastKnownFileType = text.plist.xml; path = Info.plist; sourceTree = "<group>"; };
		7B7EFA8819D417C60096BF54 /* MyLocationsTests.swift */ = {isa = PBXFileReference; lastKnownFileType = sourcecode.swift; path = MyLocationsTests.swift; sourceTree = "<group>"; };
		7B7EFAC219D540980096BF54 /* LocationDetailsViewController.swift */ = {isa = PBXFileReference; fileEncoding = 4; lastKnownFileType = sourcecode.swift; path = LocationDetailsViewController.swift; sourceTree = "<group>"; };
		7B7EFAC419D569FD0096BF54 /* CategoryPickerViewController.swift */ = {isa = PBXFileReference; fileEncoding = 4; lastKnownFileType = sourcecode.swift; path = CategoryPickerViewController.swift; sourceTree = "<group>"; };
		7B7EFAC619D589A70096BF54 /* HudView.swift */ = {isa = PBXFileReference; fileEncoding = 4; lastKnownFileType = sourcecode.swift; path = HudView.swift; sourceTree = "<group>"; };
		7B7EFAC819D593780096BF54 /* Functions.swift */ = {isa = PBXFileReference; fileEncoding = 4; lastKnownFileType = sourcecode.swift; path = Functions.swift; sourceTree = "<group>"; };
		7B7EFACB19D59D3D0096BF54 /* DataModel.xcdatamodel */ = {isa = PBXFileReference; lastKnownFileType = wrapper.xcdatamodel; path = DataModel.xcdatamodel; sourceTree = "<group>"; };
		7B7EFAD319D5A2720096BF54 /* Location.swift */ = {isa = PBXFileReference; fileEncoding = 4; lastKnownFileType = sourcecode.swift; path = Location.swift; sourceTree = "<group>"; };
		7B7EFAD519D5CF770096BF54 /* LocationsViewController.swift */ = {isa = PBXFileReference; fileEncoding = 4; lastKnownFileType = sourcecode.swift; path = LocationsViewController.swift; sourceTree = "<group>"; };
		7B7EFAD719D5D4170096BF54 /* LocationCell.swift */ = {isa = PBXFileReference; fileEncoding = 4; lastKnownFileType = sourcecode.swift; path = LocationCell.swift; sourceTree = "<group>"; };
		7B7EFAD919D684FD0096BF54 /* MapKit.framework */ = {isa = PBXFileReference; lastKnownFileType = wrapper.framework; name = MapKit.framework; path = System/Library/Frameworks/MapKit.framework; sourceTree = SDKROOT; };
		7B7EFADB19D6879E0096BF54 /* MapViewController.swift */ = {isa = PBXFileReference; fileEncoding = 4; lastKnownFileType = sourcecode.swift; path = MapViewController.swift; sourceTree = "<group>"; };
/* End PBXFileReference section */

/* Begin PBXFrameworksBuildPhase section */
		7B7EFA6819D417C60096BF54 /* Frameworks */ = {
			isa = PBXFrameworksBuildPhase;
			buildActionMask = 2147483647;
			files = (
				7B7EFADA19D684FD0096BF54 /* MapKit.framework in Frameworks */,
			);
			runOnlyForDeploymentPostprocessing = 0;
		};
		7B7EFA7F19D417C60096BF54 /* Frameworks */ = {
			isa = PBXFrameworksBuildPhase;
			buildActionMask = 2147483647;
			files = (
			);
			runOnlyForDeploymentPostprocessing = 0;
		};
/* End PBXFrameworksBuildPhase section */

/* Begin PBXGroup section */
		7B6EDEFD19D7F319006BF909 /* Sound */ = {
			isa = PBXGroup;
			children = (
				7B6EDEFE19D7F319006BF909 /* Sound.caf */,
			);
			path = Sound;
			sourceTree = "<group>";
		};
		7B7EFA6219D417C50096BF54 = {
			isa = PBXGroup;
			children = (
				7B7EFAD919D684FD0096BF54 /* MapKit.framework */,
				7B7EFA6D19D417C60096BF54 /* MyLocations */,
				7B7EFA8519D417C60096BF54 /* MyLocationsTests */,
				7B7EFA6C19D417C60096BF54 /* Products */,
			);
			sourceTree = "<group>";
		};
		7B7EFA6C19D417C60096BF54 /* Products */ = {
			isa = PBXGroup;
			children = (
				7B7EFA6B19D417C60096BF54 /* MyLocations.app */,
				7B7EFA8219D417C60096BF54 /* MyLocationsTests.xctest */,
			);
			name = Products;
			sourceTree = "<group>";
		};
		7B7EFA6D19D417C60096BF54 /* MyLocations */ = {
			isa = PBXGroup;
			children = (
				7B7EFA7019D417C60096BF54 /* AppDelegate.swift */,
				7B7EFAC419D569FD0096BF54 /* CategoryPickerViewController.swift */,
				7B7EFA7219D417C60096BF54 /* CurrentLocationViewController.swift */,
				7B7EFACA19D59D3D0096BF54 /* DataModel.xcdatamodeld */,
				7B7EFAC819D593780096BF54 /* Functions.swift */,
				7B7EFAC619D589A70096BF54 /* HudView.swift */,
				7B7EFA7919D417C60096BF54 /* Images.xcassets */,
				7B7EFAD319D5A2720096BF54 /* Location.swift */,
				7B7EFAD719D5D4170096BF54 /* LocationCell.swift */,
				7B7EFAC219D540980096BF54 /* LocationDetailsViewController.swift */,
				7B7EFAD519D5CF770096BF54 /* LocationsViewController.swift */,
				7B7EFA7619D417C60096BF54 /* Main.storyboard */,
				7B7EFADB19D6879E0096BF54 /* MapViewController.swift */,
				7B6EDEFB19D6F74B006BF909 /* MyImagePickerController.swift */,
				7B6EDEF919D6F426006BF909 /* MyNavigationController.swift */,
				7B6EDEF719D6F038006BF909 /* MyTabBarController.swift */,
				7B6EDEFD19D7F319006BF909 /* Sound */,
				7B6EDEF519D6E859006BF909 /* String+AddText.swift */,
				7B7EFA6E19D417C60096BF54 /* Supporting Files */,
				7B6EDEF319D6DEB8006BF909 /* UIImage+Resize.swift */,
			);
			path = MyLocations;
			sourceTree = "<group>";
		};
		7B7EFA6E19D417C60096BF54 /* Supporting Files */ = {
			isa = PBXGroup;
			children = (
				7B7EFA6F19D417C60096BF54 /* Info.plist */,
			);
			name = "Supporting Files";
			sourceTree = "<group>";
		};
		7B7EFA8519D417C60096BF54 /* MyLocationsTests */ = {
			isa = PBXGroup;
			children = (
				7B7EFA8819D417C60096BF54 /* MyLocationsTests.swift */,
				7B7EFA8619D417C60096BF54 /* Supporting Files */,
			);
			path = MyLocationsTests;
			sourceTree = "<group>";
		};
		7B7EFA8619D417C60096BF54 /* Supporting Files */ = {
			isa = PBXGroup;
			children = (
				7B7EFA8719D417C60096BF54 /* Info.plist */,
			);
			name = "Supporting Files";
			sourceTree = "<group>";
		};
/* End PBXGroup section */

/* Begin PBXNativeTarget section */
		7B7EFA6A19D417C60096BF54 /* MyLocations */ = {
			isa = PBXNativeTarget;
			buildConfigurationList = 7B7EFA8C19D417C60096BF54 /* Build configuration list for PBXNativeTarget "MyLocations" */;
			buildPhases = (
				7B7EFA6719D417C60096BF54 /* Sources */,
				7B7EFA6819D417C60096BF54 /* Frameworks */,
				7B7EFA6919D417C60096BF54 /* Resources */,
			);
			buildRules = (
			);
			dependencies = (
			);
			name = MyLocations;
			productName = MyLocations;
			productReference = 7B7EFA6B19D417C60096BF54 /* MyLocations.app */;
			productType = "com.apple.product-type.application";
		};
		7B7EFA8119D417C60096BF54 /* MyLocationsTests */ = {
			isa = PBXNativeTarget;
			buildConfigurationList = 7B7EFA8F19D417C60096BF54 /* Build configuration list for PBXNativeTarget "MyLocationsTests" */;
			buildPhases = (
				7B7EFA7E19D417C60096BF54 /* Sources */,
				7B7EFA7F19D417C60096BF54 /* Frameworks */,
				7B7EFA8019D417C60096BF54 /* Resources */,
			);
			buildRules = (
			);
			dependencies = (
				7B7EFA8419D417C60096BF54 /* PBXTargetDependency */,
			);
			name = MyLocationsTests;
			productName = MyLocationsTests;
			productReference = 7B7EFA8219D417C60096BF54 /* MyLocationsTests.xctest */;
			productType = "com.apple.product-type.bundle.unit-test";
		};
/* End PBXNativeTarget section */

/* Begin PBXProject section */
		7B7EFA6319D417C50096BF54 /* Project object */ = {
			isa = PBXProject;
			attributes = {
				LastUpgradeCheck = 0600;
				ORGANIZATIONNAME = Razeware;
				TargetAttributes = {
					7B7EFA6A19D417C60096BF54 = {
						CreatedOnToolsVersion = 6.0.1;
					};
					7B7EFA8119D417C60096BF54 = {
						CreatedOnToolsVersion = 6.0.1;
						TestTargetID = 7B7EFA6A19D417C60096BF54;
					};
				};
			};
			buildConfigurationList = 7B7EFA6619D417C50096BF54 /* Build configuration list for PBXProject "MyLocations" */;
			compatibilityVersion = "Xcode 3.2";
			developmentRegion = English;
			hasScannedForEncodings = 0;
			knownRegions = (
				en,
				Base,
			);
			mainGroup = 7B7EFA6219D417C50096BF54;
			productRefGroup = 7B7EFA6C19D417C60096BF54 /* Products */;
			projectDirPath = "";
			projectRoot = "";
			targets = (
				7B7EFA6A19D417C60096BF54 /* MyLocations */,
				7B7EFA8119D417C60096BF54 /* MyLocationsTests */,
			);
		};
/* End PBXProject section */

/* Begin PBXResourcesBuildPhase section */
		7B7EFA6919D417C60096BF54 /* Resources */ = {
			isa = PBXResourcesBuildPhase;
			buildActionMask = 2147483647;
			files = (
				7B7EFA7819D417C60096BF54 /* Main.storyboard in Resources */,
				7B6EDEFF19D7F319006BF909 /* Sound.caf in Resources */,
				7B7EFA7A19D417C60096BF54 /* Images.xcassets in Resources */,
			);
			runOnlyForDeploymentPostprocessing = 0;
		};
		7B7EFA8019D417C60096BF54 /* Resources */ = {
			isa = PBXResourcesBuildPhase;
			buildActionMask = 2147483647;
			files = (
			);
			runOnlyForDeploymentPostprocessing = 0;
		};
/* End PBXResourcesBuildPhase section */

/* Begin PBXSourcesBuildPhase section */
		7B7EFA6719D417C60096BF54 /* Sources */ = {
			isa = PBXSourcesBuildPhase;
			buildActionMask = 2147483647;
			files = (
				7B7EFAC319D540980096BF54 /* LocationDetailsViewController.swift in Sources */,
				7B7EFAD619D5CF770096BF54 /* LocationsViewController.swift in Sources */,
				7B7EFACC19D59D3D0096BF54 /* DataModel.xcdatamodeld in Sources */,
				7B6EDEFC19D6F74B006BF909 /* MyImagePickerController.swift in Sources */,
				7B6EDEFA19D6F426006BF909 /* MyNavigationController.swift in Sources */,
				7B7EFAC719D589A70096BF54 /* HudView.swift in Sources */,
				7B6EDEF419D6DEB8006BF909 /* UIImage+Resize.swift in Sources */,
				7B7EFAC919D593780096BF54 /* Functions.swift in Sources */,
				7B7EFAD819D5D4170096BF54 /* LocationCell.swift in Sources */,
				7B7EFADC19D6879E0096BF54 /* MapViewController.swift in Sources */,
				7B6EDEF619D6E859006BF909 /* String+AddText.swift in Sources */,
				7B7EFA7119D417C60096BF54 /* AppDelegate.swift in Sources */,
				7B7EFAC519D569FD0096BF54 /* CategoryPickerViewController.swift in Sources */,
				7B7EFAD419D5A2720096BF54 /* Location.swift in Sources */,
				7B7EFA7319D417C60096BF54 /* CurrentLocationViewController.swift in Sources */,
				7B6EDEF819D6F038006BF909 /* MyTabBarController.swift in Sources */,
			);
			runOnlyForDeploymentPostprocessing = 0;
		};
		7B7EFA7E19D417C60096BF54 /* Sources */ = {
			isa = PBXSourcesBuildPhase;
			buildActionMask = 2147483647;
			files = (
				7B7EFA8919D417C60096BF54 /* MyLocationsTests.swift in Sources */,
			);
			runOnlyForDeploymentPostprocessing = 0;
		};
/* End PBXSourcesBuildPhase section */

/* Begin PBXTargetDependency section */
		7B7EFA8419D417C60096BF54 /* PBXTargetDependency */ = {
			isa = PBXTargetDependency;
			target = 7B7EFA6A19D417C60096BF54 /* MyLocations */;
			targetProxy = 7B7EFA8319D417C60096BF54 /* PBXContainerItemProxy */;
		};
/* End PBXTargetDependency section */

/* Begin PBXVariantGroup section */
		7B7EFA7619D417C60096BF54 /* Main.storyboard */ = {
			isa = PBXVariantGroup;
			children = (
				7B7EFA7719D417C60096BF54 /* Base */,
			);
			name = Main.storyboard;
			sourceTree = "<group>";
		};
/* End PBXVariantGroup section */

/* Begin XCBuildConfiguration section */
		7B7EFA8A19D417C60096BF54 /* Debug */ = {
			isa = XCBuildConfiguration;
			buildSettings = {
				ALWAYS_SEARCH_USER_PATHS = NO;
				CLANG_CXX_LANGUAGE_STANDARD = "gnu++0x";
				CLANG_CXX_LIBRARY = "libc++";
				CLANG_ENABLE_MODULES = YES;
				CLANG_ENABLE_OBJC_ARC = YES;
				CLANG_WARN_BOOL_CONVERSION = YES;
				CLANG_WARN_CONSTANT_CONVERSION = YES;
				CLANG_WARN_DIRECT_OBJC_ISA_USAGE = YES_ERROR;
				CLANG_WARN_EMPTY_BODY = YES;
				CLANG_WARN_ENUM_CONVERSION = YES;
				CLANG_WARN_INT_CONVERSION = YES;
				CLANG_WARN_OBJC_ROOT_CLASS = YES_ERROR;
				CLANG_WARN_UNREACHABLE_CODE = YES;
				CLANG_WARN__DUPLICATE_METHOD_MATCH = YES;
				"CODE_SIGN_IDENTITY[sdk=iphoneos*]" = "iPhone Developer";
				COPY_PHASE_STRIP = NO;
				ENABLE_STRICT_OBJC_MSGSEND = YES;
				GCC_C_LANGUAGE_STANDARD = gnu99;
				GCC_DYNAMIC_NO_PIC = NO;
				GCC_OPTIMIZATION_LEVEL = 0;
				GCC_PREPROCESSOR_DEFINITIONS = (
					"DEBUG=1",
					"$(inherited)",
				);
				GCC_SYMBOLS_PRIVATE_EXTERN = NO;
				GCC_WARN_64_TO_32_BIT_CONVERSION = YES;
				GCC_WARN_ABOUT_RETURN_TYPE = YES_ERROR;
				GCC_WARN_UNDECLARED_SELECTOR = YES;
				GCC_WARN_UNINITIALIZED_AUTOS = YES_AGGRESSIVE;
				GCC_WARN_UNUSED_FUNCTION = YES;
				GCC_WARN_UNUSED_VARIABLE = YES;
				IPHONEOS_DEPLOYMENT_TARGET = 8.0;
				MTL_ENABLE_DEBUG_INFO = YES;
				ONLY_ACTIVE_ARCH = YES;
				SDKROOT = iphoneos;
				SWIFT_OPTIMIZATION_LEVEL = "-Onone";
			};
			name = Debug;
		};
		7B7EFA8B19D417C60096BF54 /* Release */ = {
			isa = XCBuildConfiguration;
			buildSettings = {
				ALWAYS_SEARCH_USER_PATHS = NO;
				CLANG_CXX_LANGUAGE_STANDARD = "gnu++0x";
				CLANG_CXX_LIBRARY = "libc++";
				CLANG_ENABLE_MODULES = YES;
				CLANG_ENABLE_OBJC_ARC = YES;
				CLANG_WARN_BOOL_CONVERSION = YES;
				CLANG_WARN_CONSTANT_CONVERSION = YES;
				CLANG_WARN_DIRECT_OBJC_ISA_USAGE = YES_ERROR;
				CLANG_WARN_EMPTY_BODY = YES;
				CLANG_WARN_ENUM_CONVERSION = YES;
				CLANG_WARN_INT_CONVERSION = YES;
				CLANG_WARN_OBJC_ROOT_CLASS = YES_ERROR;
				CLANG_WARN_UNREACHABLE_CODE = YES;
				CLANG_WARN__DUPLICATE_METHOD_MATCH = YES;
				"CODE_SIGN_IDENTITY[sdk=iphoneos*]" = "iPhone Developer";
				COPY_PHASE_STRIP = YES;
				ENABLE_NS_ASSERTIONS = NO;
				ENABLE_STRICT_OBJC_MSGSEND = YES;
				GCC_C_LANGUAGE_STANDARD = gnu99;
				GCC_WARN_64_TO_32_BIT_CONVERSION = YES;
				GCC_WARN_ABOUT_RETURN_TYPE = YES_ERROR;
				GCC_WARN_UNDECLARED_SELECTOR = YES;
				GCC_WARN_UNINITIALIZED_AUTOS = YES_AGGRESSIVE;
				GCC_WARN_UNUSED_FUNCTION = YES;
				GCC_WARN_UNUSED_VARIABLE = YES;
				IPHONEOS_DEPLOYMENT_TARGET = 8.0;
				MTL_ENABLE_DEBUG_INFO = NO;
				SDKROOT = iphoneos;
				VALIDATE_PRODUCT = YES;
			};
			name = Release;
		};
		7B7EFA8D19D417C60096BF54 /* Debug */ = {
			isa = XCBuildConfiguration;
			buildSettings = {
				ASSETCATALOG_COMPILER_APPICON_NAME = AppIcon;
				ASSETCATALOG_COMPILER_LAUNCHIMAGE_NAME = LaunchImage;
				INFOPLIST_FILE = MyLocations/Info.plist;
				LD_RUNPATH_SEARCH_PATHS = "$(inherited) @executable_path/Frameworks";
				PRODUCT_NAME = "$(TARGET_NAME)";
			};
			name = Debug;
		};
		7B7EFA8E19D417C60096BF54 /* Release */ = {
			isa = XCBuildConfiguration;
			buildSettings = {
				ASSETCATALOG_COMPILER_APPICON_NAME = AppIcon;
				ASSETCATALOG_COMPILER_LAUNCHIMAGE_NAME = LaunchImage;
				INFOPLIST_FILE = MyLocations/Info.plist;
				LD_RUNPATH_SEARCH_PATHS = "$(inherited) @executable_path/Frameworks";
				PRODUCT_NAME = "$(TARGET_NAME)";
			};
			name = Release;
		};
		7B7EFA9019D417C60096BF54 /* Debug */ = {
			isa = XCBuildConfiguration;
			buildSettings = {
				BUNDLE_LOADER = "$(TEST_HOST)";
				FRAMEWORK_SEARCH_PATHS = (
					"$(SDKROOT)/Developer/Library/Frameworks",
					"$(inherited)",
				);
				GCC_PREPROCESSOR_DEFINITIONS = (
					"DEBUG=1",
					"$(inherited)",
				);
				INFOPLIST_FILE = MyLocationsTests/Info.plist;
				LD_RUNPATH_SEARCH_PATHS = "$(inherited) @executable_path/Frameworks @loader_path/Frameworks";
				PRODUCT_NAME = "$(TARGET_NAME)";
				TEST_HOST = "$(BUILT_PRODUCTS_DIR)/MyLocations.app/MyLocations";
			};
			name = Debug;
		};
		7B7EFA9119D417C60096BF54 /* Release */ = {
			isa = XCBuildConfiguration;
			buildSettings = {
				BUNDLE_LOADER = "$(TEST_HOST)";
				FRAMEWORK_SEARCH_PATHS = (
					"$(SDKROOT)/Developer/Library/Frameworks",
					"$(inherited)",
				);
				INFOPLIST_FILE = MyLocationsTests/Info.plist;
				LD_RUNPATH_SEARCH_PATHS = "$(inherited) @executable_path/Frameworks @loader_path/Frameworks";
				PRODUCT_NAME = "$(TARGET_NAME)";
				TEST_HOST = "$(BUILT_PRODUCTS_DIR)/MyLocations.app/MyLocations";
			};
			name = Release;
		};
/* End XCBuildConfiguration section */

/* Begin XCConfigurationList section */
		7B7EFA6619D417C50096BF54 /* Build configuration list for PBXProject "MyLocations" */ = {
			isa = XCConfigurationList;
			buildConfigurations = (
				7B7EFA8A19D417C60096BF54 /* Debug */,
				7B7EFA8B19D417C60096BF54 /* Release */,
			);
			defaultConfigurationIsVisible = 0;
			defaultConfigurationName = Release;
		};
		7B7EFA8C19D417C60096BF54 /* Build configuration list for PBXNativeTarget "MyLocations" */ = {
			isa = XCConfigurationList;
			buildConfigurations = (
				7B7EFA8D19D417C60096BF54 /* Debug */,
				7B7EFA8E19D417C60096BF54 /* Release */,
			);
			defaultConfigurationIsVisible = 0;
			defaultConfigurationName = Release;
		};
		7B7EFA8F19D417C60096BF54 /* Build configuration list for PBXNativeTarget "MyLocationsTests" */ = {
			isa = XCConfigurationList;
			buildConfigurations = (
				7B7EFA9019D417C60096BF54 /* Debug */,
				7B7EFA9119D417C60096BF54 /* Release */,
			);
			defaultConfigurationIsVisible = 0;
			defaultConfigurationName = Release;
		};
/* End XCConfigurationList section */

/* Begin XCVersionGroup section */
		7B7EFACA19D59D3D0096BF54 /* DataModel.xcdatamodeld */ = {
			isa = XCVersionGroup;
			children = (
				7B7EFACB19D59D3D0096BF54 /* DataModel.xcdatamodel */,
			);
			currentVersion = 7B7EFACB19D59D3D0096BF54 /* DataModel.xcdatamodel */;
			path = DataModel.xcdatamodeld;
			sourceTree = "<group>";
			versionGroupType = wrapper.xcdatamodel;
		};
/* End XCVersionGroup section */
	};
	rootObject = 7B7EFA6319D417C50096BF54 /* Project object */;
}
